
Microsoft Visual Studio Solution File, Format Version 12.00
# Visual Studio Version 17
VisualStudioVersion = 17.3.32819.101
MinimumVisualStudioVersion = 10.0.40219.1
Project("{FAE04EC0-301F-11D3-BF4B-00C04F79EFBC}") = "CustomerQueuingSystem", "CustomerQueuingSystem.csproj", "{D5E97EEA-D36F-4504-AA97-46FE4551BAC9}"
EndProject
Global
	GlobalSection(SolutionConfigurationPlatforms) = preSolution
		Debug|Any CPU = Debug|Any CPU
		Release|Any CPU = Release|Any CPU
	EndGlobalSection
	GlobalSection(ProjectConfigurationPlatforms) = postSolution
		{D5E97EEA-D36F-4504-AA97-46FE4551BAC9}.Debug|Any CPU.ActiveCfg = Debug|Any CPU
		{D5E97EEA-D36F-4504-AA97-46FE4551BAC9}.Debug|Any CPU.Build.0 = Debug|Any CPU
		{D5E97EEA-D36F-4504-AA97-46FE4551BAC9}.Release|Any CPU.ActiveCfg = Release|Any CPU
		{D5E97EEA-D36F-4504-AA97-46FE4551BAC9}.Release|Any CPU.Build.0 = Release|Any CPU
	EndGlobalSection
	GlobalSection(SolutionProperties) = preSolution
		HideSolutionNode = FALSE
	EndGlobalSection
	GlobalSection(ExtensibilityGlobals) = postSolution
		SolutionGuid = {E87C6AA0-72C1-459B-B917-BE5C05246947}
	EndGlobalSection
EndGlobal
